{
    "name": "@dylibso/observe-sdk-lightstep-workers",
    "version": "0.1.3",
    "lockfileVersion": 3,
    "requires": true,
    "packages": {
        "": {
            "name": "@dylibso/observe-sdk-lightstep-workers",
            "version": "0.1.3",
            "license": "ISC"
        }
    }
}
